
Microsoft Visual Studio Solution File, Format Version 12.00
# Visual Studio Version 16
VisualStudioVersion = 16.0.31205.134
MinimumVisualStudioVersion = 10.0.40219.1
Project("{9A19103F-16F7-4668-BE54-9A1E7A4F7556}") = "CRUD", "CRUD\CRUD.csproj", "{4784F6E5-A9A4-429E-8AEC-D2C45252F0F3}"
EndProject
Project("{FAE04EC0-301F-11D3-BF4B-00C04F79EFBC}") = "CRUDTests", "CRUDTests\CRUDTests.csproj", "{57CEDB29-D840-4B42-B3A7-69828524F074}"
EndProject
Global
	GlobalSection(SolutionConfigurationPlatforms) = preSolution
		Debug|Any CPU = Debug|Any CPU
		Release|Any CPU = Release|Any CPU
	EndGlobalSection
	GlobalSection(ProjectConfigurationPlatforms) = postSolution
		{4784F6E5-A9A4-429E-8AEC-D2C45252F0F3}.Debug|Any CPU.ActiveCfg = Debug|Any CPU
		{4784F6E5-A9A4-429E-8AEC-D2C45252F0F3}.Debug|Any CPU.Build.0 = Debug|Any CPU
		{4784F6E5-A9A4-429E-8AEC-D2C45252F0F3}.Release|Any CPU.ActiveCfg = Release|Any CPU
		{4784F6E5-A9A4-429E-8AEC-D2C45252F0F3}.Release|Any CPU.Build.0 = Release|Any CPU
		{57CEDB29-D840-4B42-B3A7-69828524F074}.Debug|Any CPU.ActiveCfg = Debug|Any CPU
		{57CEDB29-D840-4B42-B3A7-69828524F074}.Debug|Any CPU.Build.0 = Debug|Any CPU
		{57CEDB29-D840-4B42-B3A7-69828524F074}.Release|Any CPU.ActiveCfg = Release|Any CPU
		{57CEDB29-D840-4B42-B3A7-69828524F074}.Release|Any CPU.Build.0 = Release|Any CPU
	EndGlobalSection
	GlobalSection(SolutionProperties) = preSolution
		HideSolutionNode = FALSE
	EndGlobalSection
	GlobalSection(ExtensibilityGlobals) = postSolution
		SolutionGuid = {7B99A93F-25B6-497B-A64F-2827D660A885}
	EndGlobalSection
EndGlobal
